id: fix-serverclaw-publish-cicd-deadlock
title: Fix ServerClaw publish CI/branch-protection deadlock
status: ready
ready_to_merge: true
live_applied: false
depends_on: []
conflicts_with: []
owner: claude-agent
branch: fix-serverclaw-publish-cicd-deadlock
doc: docs/postmortems/2026-08-26-serverclaw-publish-blockers.md
ownership_manifest:
  owned_surfaces:
    - id: fix-serverclaw-publish-cicd-deadlock-code
      paths:
        - .woodpecker.yml
        - scripts/publish_to_serverclaw.py
        - workstreams/active/fix-serverclaw-publish-cicd-deadlock.yaml
        - workstreams.yaml
        - docs/postmortems/2026-08-26-serverclaw-publish-blockers.md
      mode: exclusive

description: |
  ServerClaw's "Require Woodpecker on main" ruleset (added 2026-08-13) requires
  ci/woodpecker/push/woodpecker to pass before any push to main, with an empty
  bypass_actors list. Woodpecker's .woodpecker.yml only triggers on direct pushes
  to main -- never on pull_request or other-branch events -- so no PR route can
  ever produce that status check, and no push (PR or direct) could ever land.
  This was an unconditional deadlock, not a transient failure.

  Fix: added `event: pull_request` to .woodpecker.yml's trigger so future
  branch/PR-based publishes can get a real CI status. Also added --branch
  support to scripts/publish_to_serverclaw.py (from an earlier attempt) to
  make that route usable. The actual 2026-08-26 publish still went out via a
  direct force-push to serverclaw/main, using a temporary, immediately-reverted
  bypass_actors entry on the ruleset (repo-owner RepositoryRole, bypass_mode
  always) -- not a permanent loosening of the branch protection.

objectives:
  - Add pull_request trigger to .woodpecker.yml so PR-based publishes can produce
    a real ci/woodpecker/push/woodpecker status
  - Land the already-implemented --branch flag on publish_to_serverclaw.py

completion_metrics:
  - .woodpecker.yml includes event: pull_request
  - publish_to_serverclaw.py --branch pushes to a named branch instead of main
  - ServerClaw ruleset 20788667 bypass_actors reverted to [] after the publish

related_adrs: []
